
Microsoft Visual Studio Solution File, Format Version 12.00
# Visual Studio Version 16
VisualStudioVersion = 16.0.29911.84
MinimumVisualStudioVersion = 10.0.40219.1
Project("{FAE04EC0-301F-11D3-BF4B-00C04F79EFBC}") = "CovidColorizer", "CovidColorizer.csproj", "{50BB0B79-6542-482F-8657-A99671F6F7D1}"
EndProject
Global
	GlobalSection(SolutionConfigurationPlatforms) = preSolution
		Debug|Any CPU = Debug|Any CPU
		Release|Any CPU = Release|Any CPU
	EndGlobalSection
	GlobalSection(ProjectConfigurationPlatforms) = postSolution
		{50BB0B79-6542-482F-8657-A99671F6F7D1}.Debug|Any CPU.ActiveCfg = Debug|Any CPU
		{50BB0B79-6542-482F-8657-A99671F6F7D1}.Debug|Any CPU.Build.0 = Debug|Any CPU
		{50BB0B79-6542-482F-8657-A99671F6F7D1}.Release|Any CPU.ActiveCfg = Release|Any CPU
		{50BB0B79-6542-482F-8657-A99671F6F7D1}.Release|Any CPU.Build.0 = Release|Any CPU
	EndGlobalSection
	GlobalSection(SolutionProperties) = preSolution
		HideSolutionNode = FALSE
	EndGlobalSection
	GlobalSection(ExtensibilityGlobals) = postSolution
		SolutionGuid = {29639812-CAD2-42F1-8A66-826F718B682E}
	EndGlobalSection
EndGlobal
